# This file is autogenerated, do not edit; changes may be undone by the next 'dep ensure'.


[[projects]]
  digest = "1:d867dfa6751c8d7a435821ad3b736310c2ed68945d05b50fb9d23aee0540c8cc"
  name = "github.com/Sirupsen/logrus"
  packages = ["."]
  pruneopts = "UT"
  revision = "3e01752db0189b9157070a0e1668a620f9a85da2"
  version = "v1.0.6"

[[projects]]
  branch = "master"
  digest = "1:6f9339c912bbdda81302633ad7e99a28dfa5a639c864061f1929510a9a64aa74"
  name = "github.com/dustin/go-humanize"
  packages = ["."]
  pruneopts = "UT"
  revision = "9f541cc9db5d55bce703bd99987c9d5cb8eea45e"

[[projects]]
  branch = "master"
  digest = "1:eef5a7c01f4f9ea0da2ea418cea15352a2e123aeb63cd53286ccf5ef1008a538"
  name = "github.com/gen2brain/malgo"
  packages = ["."]
  pruneopts = "UT"
  revision = "97e7b5f29b1a44e284a9669222dd0ddc68bca49d"

[[projects]]
  digest = "1:52430c9cb1b419d4d7cc21b6536732a492376820e4d6aa43bc2dd0b53ae491a5"
  name = "github.com/hajimehoshi/go-mp3"
  packages = [
    ".",
    "internal/bits",
    "internal/consts",
    "internal/frame",
    "internal/frameheader",
    "internal/huffman",
    "internal/imdct",
    "internal/maindata",
    "internal/sideinfo",
  ]
  pruneopts = "UT"
  revision = "90191ee719ddc192865cd96bdc8013ef1ed6dbea"
  version = "v0.1.1"

[[projects]]
  branch = "master"
  digest = "1:3e63783cca1101798e35684ef1013a792243b0cd75b5da6f57173a3c654b9e5b"
  name = "github.com/looplab/fsm"
  packages = ["."]
  pruneopts = "UT"
  revision = "f980bdb68a8962823200eafe6c0aa99e917be0d7"

[[projects]]
  digest = "1:c658e84ad3916da105a761660dcaeb01e63416c8ec7bc62256a9b411a05fcd67"
  name = "github.com/mattn/go-colorable"
  packages = ["."]
  pruneopts = "UT"
  revision = "167de6bfdfba052fa6b2d3664c8f5272e23c9072"
  version = "v0.0.9"

[[projects]]
  digest = "1:d4d17353dbd05cb52a2a52b7fe1771883b682806f68db442b436294926bbfafb"
  name = "github.com/mattn/go-isatty"
  packages = ["."]
  pruneopts = "UT"
  revision = "0360b2af4f38e8d38c7fce2a9f4e702702d73a39"
  version = "v0.0.3"

[[projects]]
  digest = "1:b56c589214f01a5601e0821387db484617392d0042f26234bf2da853a2f498a1"
  name = "github.com/naoina/go-stringutil"
  packages = ["."]
  pruneopts = "UT"
  revision = "6b638e95a32d0c1131db0e7fe83775cbea4a0d0b"
  version = "v0.1.0"

[[projects]]
  digest = "1:f58c3d0e46b64878d00652fedba24ee879725191ab919dca7b62586859281c04"
  name = "github.com/naoina/toml"
  packages = [
    ".",
    "ast",
  ]
  pruneopts = "UT"
  revision = "e6f5723bf2a66af014955e0888881314cf294129"
  version = "v0.1.1"

[[projects]]
  branch = "master"
  digest = "1:96a25880475f54af871bef5d79cecdbb0b68a435250e2a05b15ffa9a30a635fc"
  name = "github.com/youpy/go-riff"
  packages = ["."]
  pruneopts = "UT"
  revision = "557d78c11efbdcdf178bf52723cfba91f02e0bb2"

[[projects]]
  branch = "master"
  digest = "1:5e5fb58e633ebc10c4da0e278a683678fa7d1c279f12c072592e5abf4333db6f"
  name = "github.com/youpy/go-wav"
  packages = ["."]
  pruneopts = "UT"
  revision = "b63a9887d320becede259f24ba8ba7b2459659da"

[[projects]]
  branch = "master"
  digest = "1:3f3a05ae0b95893d90b9b3b5afdb79a9b3d96e4e36e099d841ae602e4aca0da8"
  name = "golang.org/x/crypto"
  packages = ["ssh/terminal"]
  pruneopts = "UT"
  revision = "aabede6cba87e37f413b3e60ebfc214f8eeca1b0"

[[projects]]
  branch = "master"
  digest = "1:2f71657f09ff05e4567909e9e0de7ad799828c96d402c540b41dc044a6590fb2"
  name = "golang.org/x/sys"
  packages = [
    "unix",
    "windows",
  ]
  pruneopts = "UT"
  revision = "1c9583448a9c3aa0f9a6a5241bf73c0bd8aafded"

[[projects]]
  digest = "1:5dff1a0d6e59c6ada3ab630d0926c4d7665a74a27c559e4001189ca2f5026d1c"
  name = "golang.org/x/text"
  packages = [
    "encoding",
    "encoding/internal",
    "encoding/internal/identifier",
    "encoding/japanese",
    "internal/gen",
    "transform",
    "unicode/cldr",
  ]
  pruneopts = "UT"
  revision = "f21a4dfb5e38f5895301dc265a8def02365cc3d0"
  version = "v0.3.0"

[[projects]]
  branch = "v1"
  digest = "1:a0146a75ec4de09464e4aa6675bab612b3a45e0b956e63667a7962cbf106062f"
  name = "gopkg.in/qml.v1"
  packages = [
    ".",
    "cdata",
    "gl/glbase",
  ]
  pruneopts = "UT"
  revision = "2ee7e5ff737026a4dfa89801fac63561279040f4"

[solve-meta]
  analyzer-name = "dep"
  analyzer-version = 1
  input-imports = [
    "github.com/Sirupsen/logrus",
    "github.com/dustin/go-humanize",
    "github.com/gen2brain/malgo",
    "github.com/hajimehoshi/go-mp3",
    "github.com/looplab/fsm",
    "github.com/mattn/go-colorable",
    "github.com/naoina/toml",
    "github.com/youpy/go-wav",
    "golang.org/x/text/encoding/japanese",
    "gopkg.in/qml.v1",
  ]
  solver-name = "gps-cdcl"
  solver-version = 1
